
Microsoft Visual Studio Solution File, Format Version 12.00
# Visual Studio Version 16
VisualStudioVersion = 16.0.29230.47
MinimumVisualStudioVersion = 10.0.40219.1
Project("{FAE04EC0-301F-11D3-BF4B-00C04F79EFBC}") = "Try_Catch_Example", "Try_Catch_Example\Try_Catch_Example.csproj", "{DA4FD121-E05A-4BBD-8633-8D70D8349771}"
EndProject
Global
	GlobalSection(SolutionConfigurationPlatforms) = preSolution
		Debug|Any CPU = Debug|Any CPU
		Release|Any CPU = Release|Any CPU
	EndGlobalSection
	GlobalSection(ProjectConfigurationPlatforms) = postSolution
		{DA4FD121-E05A-4BBD-8633-8D70D8349771}.Debug|Any CPU.ActiveCfg = Debug|Any CPU
		{DA4FD121-E05A-4BBD-8633-8D70D8349771}.Debug|Any CPU.Build.0 = Debug|Any CPU
		{DA4FD121-E05A-4BBD-8633-8D70D8349771}.Release|Any CPU.ActiveCfg = Release|Any CPU
		{DA4FD121-E05A-4BBD-8633-8D70D8349771}.Release|Any CPU.Build.0 = Release|Any CPU
	EndGlobalSection
	GlobalSection(SolutionProperties) = preSolution
		HideSolutionNode = FALSE
	EndGlobalSection
	GlobalSection(ExtensibilityGlobals) = postSolution
		SolutionGuid = {43DAC510-FC71-4546-A84E-219AABDD36D9}
	EndGlobalSection
EndGlobal
